
Microsoft Visual Studio Solution File, Format Version 12.00
# Visual Studio Version 16
VisualStudioVersion = 16.0.32602.291
MinimumVisualStudioVersion = 10.0.40219.1
Project("{FAE04EC0-301F-11D3-BF4B-00C04F79EFBC}") = "ClearArchitecture", "ClearArchitecture.csproj", "{BECAD767-A8EE-4292-B644-AE9910B21E3B}"
EndProject
Global
	GlobalSection(SolutionConfigurationPlatforms) = preSolution
		Debug|Any CPU = Debug|Any CPU
		Release|Any CPU = Release|Any CPU
	EndGlobalSection
	GlobalSection(ProjectConfigurationPlatforms) = postSolution
		{BECAD767-A8EE-4292-B644-AE9910B21E3B}.Debug|Any CPU.ActiveCfg = Debug|Any CPU
		{BECAD767-A8EE-4292-B644-AE9910B21E3B}.Debug|Any CPU.Build.0 = Debug|Any CPU
		{BECAD767-A8EE-4292-B644-AE9910B21E3B}.Release|Any CPU.ActiveCfg = Release|Any CPU
		{BECAD767-A8EE-4292-B644-AE9910B21E3B}.Release|Any CPU.Build.0 = Release|Any CPU
	EndGlobalSection
	GlobalSection(SolutionProperties) = preSolution
		HideSolutionNode = FALSE
	EndGlobalSection
	GlobalSection(ExtensibilityGlobals) = postSolution
		SolutionGuid = {EB22367D-FD3B-4ED9-8AA5-E598F9728E12}
	EndGlobalSection
EndGlobal
